
Microsoft Visual Studio Solution File, Format Version 12.00
# Visual Studio Version 18
VisualStudioVersion = 18.3.11222.16 d18.3
MinimumVisualStudioVersion = 10.0.40219.1
Project("{FAE04EC0-301F-11D3-BF4B-00C04F79EFBC}") = "ThermalApp", "ThermalApp.csproj", "{76DCCC29-C466-EFE3-01B8-B324F607D16B}"
EndProject
Global
	GlobalSection(SolutionConfigurationPlatforms) = preSolution
		Debug|Any CPU = Debug|Any CPU
		Release|Any CPU = Release|Any CPU
	EndGlobalSection
	GlobalSection(ProjectConfigurationPlatforms) = postSolution
		{76DCCC29-C466-EFE3-01B8-B324F607D16B}.Debug|Any CPU.ActiveCfg = Debug|Any CPU
		{76DCCC29-C466-EFE3-01B8-B324F607D16B}.Debug|Any CPU.Build.0 = Debug|Any CPU
		{76DCCC29-C466-EFE3-01B8-B324F607D16B}.Release|Any CPU.ActiveCfg = Release|Any CPU
		{76DCCC29-C466-EFE3-01B8-B324F607D16B}.Release|Any CPU.Build.0 = Release|Any CPU
	EndGlobalSection
	GlobalSection(SolutionProperties) = preSolution
		HideSolutionNode = FALSE
	EndGlobalSection
	GlobalSection(ExtensibilityGlobals) = postSolution
		SolutionGuid = {A4D00CCC-2C66-43D5-9629-F54B22AC2C38}
	EndGlobalSection
EndGlobal
