<Solution>
  <Folder Name="/benchmarks/">
    <Project Path="benchmarks/IoTCom.Net.Benchmarks/IoTCom.Net.Benchmarks.csproj" />
  </Folder>
  <Folder Name="/gallery/">
    <Project Path="gallery/IoTCom.Net.Gallery.Screenshots/IoTCom.Net.Gallery.Screenshots.csproj" />
    <Project Path="gallery/IoTCom.Net.Gallery/IoTCom.Net.Gallery.csproj" />
  </Folder>
  <Folder Name="/samples/" />
  <Folder Name="/samples/console/">
    <Project Path="samples/console/ArtNetPlayer/ArtNetPlayer.csproj" />
    <Project Path="samples/console/AstmAnalyzerBridge/AstmAnalyzerBridge.csproj" />
    <Project Path="samples/console/BleHeartRate/BleHeartRate.csproj" />
    <Project Path="samples/console/CanOpenMaster/CanOpenMaster.csproj" />
    <Project Path="samples/console/Iec104Scada/Iec104Scada.csproj" />
    <Project Path="samples/console/J1939Monitor/J1939Monitor.csproj" />
    <Project Path="samples/console/NfcTagReader/NfcTagReader.csproj" />
    <Project Path="samples/console/NtpClock/NtpClock.csproj" />
    <Project Path="samples/console/CoapObserve/CoapObserve.csproj" />
    <Project Path="samples/console/DlmsMeterReader/DlmsMeterReader.csproj" />
    <Project Path="samples/console/Hl7MllpListener/Hl7MllpListener.csproj" />
    <Project Path="samples/console/LoRaWanGatewayMonitor/LoRaWanGatewayMonitor.csproj" />
    <Project Path="samples/console/Lwm2mClient/Lwm2mClient.csproj" />
    <Project Path="samples/console/MavlinkTelemetry/MavlinkTelemetry.csproj" />
    <Project Path="samples/console/MBusScanner/MBusScanner.csproj" />
    <Project Path="samples/console/MdnsDiscovery/MdnsDiscovery.csproj" />
    <Project Path="samples/console/ModbusMaster/ModbusMaster.csproj" />
    <Project Path="samples/console/ModbusSlaveSimulator/ModbusSlaveSimulator.csproj" />
    <Project Path="samples/console/MqttSenMLBridge/MqttSenMLBridge.csproj" />
    <Project Path="samples/console/NmeaGpsReader/NmeaGpsReader.csproj" />
    <Project Path="samples/console/OpcUaBrowser/OpcUaBrowser.csproj" />
    <Project Path="samples/console/SparkplugEdgeNode/SparkplugEdgeNode.csproj" />
    <Project Path="samples/console/UdsTester/UdsTester.csproj" />
    <Project Path="samples/console/UsbRelay/UsbRelay.csproj" />
  </Folder>
  <Folder Name="/samples/shared/">
    <Project Path="samples/shared/IoTCom.Samples.Medical/IoTCom.Samples.Medical.csproj" />
  </Folder>
  <Folder Name="/samples/web/">
    <Project Path="samples/web/IoTCom.Gateway/IoTCom.Gateway.csproj" />
  </Folder>
  <Folder Name="/src/">
    <Project Path="src/IoTCom.Net.Abstractions/IoTCom.Net.Abstractions.csproj" />
    <Project Path="src/IoTCom.Net.Adapters.Dicom/IoTCom.Net.Adapters.Dicom.csproj" />
    <Project Path="src/IoTCom.Net.Adapters.Mqtt/IoTCom.Net.Adapters.Mqtt.csproj" />
    <Project Path="src/IoTCom.Net.Adapters.OpcUa/IoTCom.Net.Adapters.OpcUa.csproj" />
    <Project Path="src/IoTCom.Net.Core/IoTCom.Net.Core.csproj" />
    <Project Path="src/IoTCom.Net.Framing/IoTCom.Net.Framing.csproj" />
    <Project Path="src/IoTCom.Net.Hosting/IoTCom.Net.Hosting.csproj" />
    <Project Path="src/IoTCom.Net.Native.Modbus/IoTCom.Net.Native.Modbus.csproj" />
    <Project Path="src/IoTCom.Net.Protocols.Astm/IoTCom.Net.Protocols.Astm.csproj" />
    <Project Path="src/IoTCom.Net.Protocols.AtCommand/IoTCom.Net.Protocols.AtCommand.csproj" />
    <Project Path="src/IoTCom.Net.Protocols.CanOpen/IoTCom.Net.Protocols.CanOpen.csproj" />
    <Project Path="src/IoTCom.Net.Protocols.Coap/IoTCom.Net.Protocols.Coap.csproj" />
    <Project Path="src/IoTCom.Net.Protocols.Dlms/IoTCom.Net.Protocols.Dlms.csproj" />
    <Project Path="src/IoTCom.Net.Protocols.Dmx/IoTCom.Net.Protocols.Dmx.csproj" />
    <Project Path="src/IoTCom.Net.Protocols.Hl7/IoTCom.Net.Protocols.Hl7.csproj" />
    <Project Path="src/IoTCom.Net.Protocols.IsoTp/IoTCom.Net.Protocols.IsoTp.csproj" />
    <Project Path="src/IoTCom.Net.Protocols.J1939/IoTCom.Net.Protocols.J1939.csproj" />
    <Project Path="src/IoTCom.Net.Protocols.Iec104/IoTCom.Net.Protocols.Iec104.csproj" />
    <Project Path="src/IoTCom.Net.Protocols.Ntp/IoTCom.Net.Protocols.Ntp.csproj" />
    <Project Path="src/IoTCom.Net.Protocols.Lwm2m/IoTCom.Net.Protocols.Lwm2m.csproj" />
    <Project Path="src/IoTCom.Net.Protocols.Nfc/IoTCom.Net.Protocols.Nfc.csproj" />
    <Project Path="src/IoTCom.Net.Protocols.LoRaWan/IoTCom.Net.Protocols.LoRaWan.csproj" />
    <Project Path="src/IoTCom.Net.Protocols.Mavlink.Generator/IoTCom.Net.Protocols.Mavlink.Generator.csproj" />
    <Project Path="src/IoTCom.Net.Protocols.Mavlink/IoTCom.Net.Protocols.Mavlink.csproj" />
    <Project Path="src/IoTCom.Net.Protocols.MBus/IoTCom.Net.Protocols.MBus.csproj" />
    <Project Path="src/IoTCom.Net.Protocols.Mdns/IoTCom.Net.Protocols.Mdns.csproj" />
    <Project Path="src/IoTCom.Net.Protocols.Sparkplug/IoTCom.Net.Protocols.Sparkplug.csproj" />
    <Project Path="src/IoTCom.Net.Protocols.Modbus/IoTCom.Net.Protocols.Modbus.csproj" />
    <Project Path="src/IoTCom.Net.Protocols.Nmea/IoTCom.Net.Protocols.Nmea.csproj" />
    <Project Path="src/IoTCom.Net.Protocols.Uds/IoTCom.Net.Protocols.Uds.csproj" />
    <Project Path="src/IoTCom.Net.Serialization.MessagePack/IoTCom.Net.Serialization.MessagePack.csproj" />
    <Project Path="src/IoTCom.Net.Serialization.Protobuf/IoTCom.Net.Serialization.Protobuf.csproj" />
    <Project Path="src/IoTCom.Net.Serialization.SenML/IoTCom.Net.Serialization.SenML.csproj" />
    <Project Path="src/IoTCom.Net.Serialization.Tlv/IoTCom.Net.Serialization.Tlv.csproj" />
    <Project Path="src/IoTCom.Net.Transport.Ble/IoTCom.Net.Transport.Ble.csproj" />
    <Project Path="src/IoTCom.Net.Transport.Can/IoTCom.Net.Transport.Can.csproj" />
    <Project Path="src/IoTCom.Net.Transport.Can.Adapters/IoTCom.Net.Transport.Can.Adapters.csproj" />
    <Project Path="src/IoTCom.Net.Transport.Usb/IoTCom.Net.Transport.Usb.csproj" />
    <Project Path="src/IoTCom.Net.Transport.Serial/IoTCom.Net.Transport.Serial.csproj" />
    <Project Path="src/IoTCom.Net/IoTCom.Net.csproj" />
  </Folder>
  <Folder Name="/templates/">
    <Project Path="templates/IoTCom.Net.Templates/IoTCom.Net.Templates.csproj" />
  </Folder>
  <Folder Name="/tests/">
    <Project Path="tests/IoTCom.Net.Tests/IoTCom.Net.Tests.csproj" />
  </Folder>
  <Folder Name="/tools/">
    <Project Path="tools/iotcom-cli/IoTCom.Net.Cli.csproj" />
  </Folder>
</Solution>
