
Microsoft Visual Studio Solution File, Format Version 12.00
# Visual Studio Version 18
VisualStudioVersion = 18.2.11415.280 d18.0
MinimumVisualStudioVersion = 10.0.40219.1
Project("{FAE04EC0-301F-11D3-BF4B-00C04F79EFBC}") = "GHI", "GHI.csproj", "{13EA9304-501A-13C9-0143-25542C99F3AE}"
EndProject
Global
	GlobalSection(SolutionConfigurationPlatforms) = preSolution
		Debug|Any CPU = Debug|Any CPU
		Release|Any CPU = Release|Any CPU
	EndGlobalSection
	GlobalSection(ProjectConfigurationPlatforms) = postSolution
		{13EA9304-501A-13C9-0143-25542C99F3AE}.Debug|Any CPU.ActiveCfg = Debug|Any CPU
		{13EA9304-501A-13C9-0143-25542C99F3AE}.Debug|Any CPU.Build.0 = Debug|Any CPU
		{13EA9304-501A-13C9-0143-25542C99F3AE}.Release|Any CPU.ActiveCfg = Release|Any CPU
		{13EA9304-501A-13C9-0143-25542C99F3AE}.Release|Any CPU.Build.0 = Release|Any CPU
	EndGlobalSection
	GlobalSection(SolutionProperties) = preSolution
		HideSolutionNode = FALSE
	EndGlobalSection
	GlobalSection(ExtensibilityGlobals) = postSolution
		SolutionGuid = {246426E4-E125-4291-ACA3-AA45878CDFB1}
	EndGlobalSection
EndGlobal
