# This file is automatically @generated by Cargo.
# It is not intended for manual editing.
version = 3

[[package]]
name = "iotcom-coap"
version = "0.1.0"

[[package]]
name = "iotcom-core"
version = "0.1.0"

[[package]]
name = "iotcom-ffi-support"
version = "0.1.0"
dependencies = [
 "iotcom-core",
]

[[package]]
name = "iotcom-isotp"
version = "0.1.0"
dependencies = [
 "iotcom-core",
]

[[package]]
name = "iotcom-isotp-native"
version = "0.1.0"
dependencies = [
 "iotcom-core",
 "iotcom-ffi-support",
 "iotcom-isotp",
]

[[package]]
name = "iotcom-modbus"
version = "0.1.0"
dependencies = [
 "iotcom-core",
]

[[package]]
name = "iotcom-modbus-native"
version = "0.1.0"
dependencies = [
 "iotcom-core",
 "iotcom-ffi-support",
 "iotcom-modbus",
]
